
Microsoft Visual Studio Solution File, Format Version 12.00
# Visual Studio Version 16
VisualStudioVersion = 16.0.31112.23
MinimumVisualStudioVersion = 10.0.40219.1
Project("{FAE04EC0-301F-11D3-BF4B-00C04F79EFBC}") = "Sales-System", "Sales-System\Sales-System.csproj", "{5899A3F8-CA7F-493B-92C8-4E4FE68933BF}"
EndProject
Global
	GlobalSection(SolutionConfigurationPlatforms) = preSolution
		Debug|Any CPU = Debug|Any CPU
		Release|Any CPU = Release|Any CPU
	EndGlobalSection
	GlobalSection(ProjectConfigurationPlatforms) = postSolution
		{5899A3F8-CA7F-493B-92C8-4E4FE68933BF}.Debug|Any CPU.ActiveCfg = Debug|Any CPU
		{5899A3F8-CA7F-493B-92C8-4E4FE68933BF}.Debug|Any CPU.Build.0 = Debug|Any CPU
		{5899A3F8-CA7F-493B-92C8-4E4FE68933BF}.Release|Any CPU.ActiveCfg = Release|Any CPU
		{5899A3F8-CA7F-493B-92C8-4E4FE68933BF}.Release|Any CPU.Build.0 = Release|Any CPU
	EndGlobalSection
	GlobalSection(SolutionProperties) = preSolution
		HideSolutionNode = FALSE
	EndGlobalSection
	GlobalSection(ExtensibilityGlobals) = postSolution
		SolutionGuid = {68C75813-1809-4A5C-B77D-C120717874FC}
	EndGlobalSection
EndGlobal
